// !$*UTF8*$!
{
	archiveVersion = 1;
	classes = {
	};
	objectVersion = 55;
	objects = {

/* Begin PBXBuildFile section */
		F722D15E28771DDF000486FB /* AppDelegate.swift in Sources */ = {isa = PBXBuildFile; fileRef = F722D15D28771DDF000486FB /* AppDelegate.swift */; };
		F722D16028771DDF000486FB /* SceneDelegate.swift in Sources */ = {isa = PBXBuildFile; fileRef = F722D15F28771DDF000486FB /* SceneDelegate.swift */; };
		F722D16228771DDF000486FB /* ScanViewController.swift in Sources */ = {isa = PBXBuildFile; fileRef = F722D16128771DDF000486FB /* ScanViewController.swift */; };
		F722D16528771DDF000486FB /* Main.storyboard in Resources */ = {isa = PBXBuildFile; fileRef = F722D16328771DDF000486FB /* Main.storyboard */; };
		F722D16728771DE2000486FB /* Assets.xcassets in Resources */ = {isa = PBXBuildFile; fileRef = F722D16628771DE2000486FB /* Assets.xcassets */; };
		F722D16A28771DE2000486FB /* LaunchScreen.storyboard in Resources */ = {isa = PBXBuildFile; fileRef = F722D16828771DE2000486FB /* LaunchScreen.storyboard */; };
		F722D17228772132000486FB /* Extensions.swift in Sources */ = {isa = PBXBuildFile; fileRef = F722D17128772132000486FB /* Extensions.swift */; };
		F722D17528772485000486FB /* SelectCoffeeViewController.swift in Sources */ = {isa = PBXBuildFile; fileRef = F722D17428772485000486FB /* SelectCoffeeViewController.swift */; };
		F722D17828772642000486FB /* CoffeeTableViewCell.swift in Sources */ = {isa = PBXBuildFile; fileRef = F722D17628772642000486FB /* CoffeeTableViewCell.swift */; };
		F722D17928772642000486FB /* CoffeeTableViewCell.xib in Resources */ = {isa = PBXBuildFile; fileRef = F722D17728772642000486FB /* CoffeeTableViewCell.xib */; };
		F722D17C28772B1A000486FB /* Cafe.swift in Sources */ = {isa = PBXBuildFile; fileRef = F722D17B28772B1A000486FB /* Cafe.swift */; };
		F722D18028772C0D000486FB /* mockAPI.json in Resources */ = {isa = PBXBuildFile; fileRef = F722D17F28772C0D000486FB /* mockAPI.json */; };
		F722D1832877392F000486FB /* MilkTableViewCell.swift in Sources */ = {isa = PBXBuildFile; fileRef = F722D1812877392F000486FB /* MilkTableViewCell.swift */; };
		F722D1842877392F000486FB /* MilkTableViewCell.xib in Resources */ = {isa = PBXBuildFile; fileRef = F722D1822877392F000486FB /* MilkTableViewCell.xib */; };
		F722D18928773AEA000486FB /* MilkItemsTableViewCell.swift in Sources */ = {isa = PBXBuildFile; fileRef = F722D18728773AEA000486FB /* MilkItemsTableViewCell.swift */; };
		F722D18A28773AEA000486FB /* MilkItemsTableViewCell.xib in Resources */ = {isa = PBXBuildFile; fileRef = F722D18828773AEA000486FB /* MilkItemsTableViewCell.xib */; };
		F722D18D28773C1E000486FB /* APIManager.swift in Sources */ = {isa = PBXBuildFile; fileRef = F722D18C28773C1E000486FB /* APIManager.swift */; };
		F722D19828774391000486FB /* GlobalVariables.swift in Sources */ = {isa = PBXBuildFile; fileRef = F722D19728774391000486FB /* GlobalVariables.swift */; };
		F722D19F28774782000486FB /* MockData.swift in Sources */ = {isa = PBXBuildFile; fileRef = F722D19E28774781000486FB /* MockData.swift */; };
		F722D1A128774C75000486FB /* AlertManager.swift in Sources */ = {isa = PBXBuildFile; fileRef = F722D1A028774C75000486FB /* AlertManager.swift */; };
/* End PBXBuildFile section */

/* Begin PBXFileReference section */
		F722D15A28771DDF000486FB /* CafeRubika.app */ = {isa = PBXFileReference; explicitFileType = wrapper.application; includeInIndex = 0; path = CafeRubika.app; sourceTree = BUILT_PRODUCTS_DIR; };
		F722D15D28771DDF000486FB /* AppDelegate.swift */ = {isa = PBXFileReference; lastKnownFileType = sourcecode.swift; path = AppDelegate.swift; sourceTree = "<group>"; };
		F722D15F28771DDF000486FB /* SceneDelegate.swift */ = {isa = PBXFileReference; lastKnownFileType = sourcecode.swift; path = SceneDelegate.swift; sourceTree = "<group>"; };
		F722D16128771DDF000486FB /* ScanViewController.swift */ = {isa = PBXFileReference; lastKnownFileType = sourcecode.swift; path = ScanViewController.swift; sourceTree = "<group>"; };
		F722D16428771DDF000486FB /* Base */ = {isa = PBXFileReference; lastKnownFileType = file.storyboard; name = Base; path = Base.lproj/Main.storyboard; sourceTree = "<group>"; };
		F722D16628771DE2000486FB /* Assets.xcassets */ = {isa = PBXFileReference; lastKnownFileType = folder.assetcatalog; path = Assets.xcassets; sourceTree = "<group>"; };
		F722D16928771DE2000486FB /* Base */ = {isa = PBXFileReference; lastKnownFileType = file.storyboard; name = Base; path = Base.lproj/LaunchScreen.storyboard; sourceTree = "<group>"; };
		F722D16B28771DE2000486FB /* Info.plist */ = {isa = PBXFileReference; lastKnownFileType = text.plist.xml; path = Info.plist; sourceTree = "<group>"; };
		F722D17128772132000486FB /* Extensions.swift */ = {isa = PBXFileReference; lastKnownFileType = sourcecode.swift; path = Extensions.swift; sourceTree = "<group>"; };
		F722D17428772485000486FB /* SelectCoffeeViewController.swift */ = {isa = PBXFileReference; lastKnownFileType = sourcecode.swift; path = SelectCoffeeViewController.swift; sourceTree = "<group>"; };
		F722D17628772642000486FB /* CoffeeTableViewCell.swift */ = {isa = PBXFileReference; lastKnownFileType = sourcecode.swift; path = CoffeeTableViewCell.swift; sourceTree = "<group>"; };
		F722D17728772642000486FB /* CoffeeTableViewCell.xib */ = {isa = PBXFileReference; lastKnownFileType = file.xib; path = CoffeeTableViewCell.xib; sourceTree = "<group>"; };
		F722D17B28772B1A000486FB /* Cafe.swift */ = {isa = PBXFileReference; lastKnownFileType = sourcecode.swift; path = Cafe.swift; sourceTree = "<group>"; };
		F722D17F28772C0D000486FB /* mockAPI.json */ = {isa = PBXFileReference; fileEncoding = 4; lastKnownFileType = text.json; path = mockAPI.json; sourceTree = "<group>"; };
		F722D1812877392F000486FB /* MilkTableViewCell.swift */ = {isa = PBXFileReference; lastKnownFileType = sourcecode.swift; path = MilkTableViewCell.swift; sourceTree = "<group>"; };
		F722D1822877392F000486FB /* MilkTableViewCell.xib */ = {isa = PBXFileReference; lastKnownFileType = file.xib; path = MilkTableViewCell.xib; sourceTree = "<group>"; };
		F722D18728773AEA000486FB /* MilkItemsTableViewCell.swift */ = {isa = PBXFileReference; lastKnownFileType = sourcecode.swift; path = MilkItemsTableViewCell.swift; sourceTree = "<group>"; };
		F722D18828773AEA000486FB /* MilkItemsTableViewCell.xib */ = {isa = PBXFileReference; lastKnownFileType = file.xib; path = MilkItemsTableViewCell.xib; sourceTree = "<group>"; };
		F722D18C28773C1E000486FB /* APIManager.swift */ = {isa = PBXFileReference; lastKnownFileType = sourcecode.swift; path = APIManager.swift; sourceTree = "<group>"; };
		F722D19728774391000486FB /* GlobalVariables.swift */ = {isa = PBXFileReference; lastKnownFileType = sourcecode.swift; path = GlobalVariables.swift; sourceTree = "<group>"; };
		F722D19E28774781000486FB /* MockData.swift */ = {isa = PBXFileReference; lastKnownFileType = sourcecode.swift; path = MockData.swift; sourceTree = "<group>"; };
		F722D1A028774C75000486FB /* AlertManager.swift */ = {isa = PBXFileReference; fileEncoding = 4; lastKnownFileType = sourcecode.swift; path = AlertManager.swift; sourceTree = "<group>"; };
/* End PBXFileReference section */

/* Begin PBXFrameworksBuildPhase section */
		F722D15728771DDF000486FB /* Frameworks */ = {
			isa = PBXFrameworksBuildPhase;
			buildActionMask = 2147483647;
			files = (
			);
			runOnlyForDeploymentPostprocessing = 0;
		};
/* End PBXFrameworksBuildPhase section */

/* Begin PBXGroup section */
		F722D15128771DDF000486FB = {
			isa = PBXGroup;
			children = (
				F722D15C28771DDF000486FB /* CafeRubika */,
				F722D15B28771DDF000486FB /* Products */,
			);
			sourceTree = "<group>";
		};
		F722D15B28771DDF000486FB /* Products */ = {
			isa = PBXGroup;
			children = (
				F722D15A28771DDF000486FB /* CafeRubika.app */,
			);
			name = Products;
			sourceTree = "<group>";
		};
		F722D15C28771DDF000486FB /* CafeRubika */ = {
			isa = PBXGroup;
			children = (
				F722D1A228774C79000486FB /* Helpers */,
				F722D17E28772B45000486FB /* Extensions */,
				F722D1992877439A000486FB /* Global */,
				F722D17D28772B3E000486FB /* Models */,
				F722D18E28773C2F000486FB /* RequestManager */,
				F722D173287723A4000486FB /* ViewControllers */,
				F722D18628773940000486FB /* CustomTableViewCell */,
				F722D16328771DDF000486FB /* Main.storyboard */,
				F722D15F28771DDF000486FB /* SceneDelegate.swift */,
				F722D15D28771DDF000486FB /* AppDelegate.swift */,
				F722D17F28772C0D000486FB /* mockAPI.json */,
				F722D16628771DE2000486FB /* Assets.xcassets */,
				F722D16828771DE2000486FB /* LaunchScreen.storyboard */,
				F722D16B28771DE2000486FB /* Info.plist */,
			);
			path = CafeRubika;
			sourceTree = "<group>";
		};
		F722D173287723A4000486FB /* ViewControllers */ = {
			isa = PBXGroup;
			children = (
				F722D16128771DDF000486FB /* ScanViewController.swift */,
				F722D17428772485000486FB /* SelectCoffeeViewController.swift */,
			);
			path = ViewControllers;
			sourceTree = "<group>";
		};
		F722D17A2877264E000486FB /* CoffeeTableViewCell */ = {
			isa = PBXGroup;
			children = (
				F722D17628772642000486FB /* CoffeeTableViewCell.swift */,
				F722D17728772642000486FB /* CoffeeTableViewCell.xib */,
			);
			path = CoffeeTableViewCell;
			sourceTree = "<group>";
		};
		F722D17D28772B3E000486FB /* Models */ = {
			isa = PBXGroup;
			children = (
				F722D17B28772B1A000486FB /* Cafe.swift */,
			);
			path = Models;
			sourceTree = "<group>";
		};
		F722D17E28772B45000486FB /* Extensions */ = {
			isa = PBXGroup;
			children = (
				F722D17128772132000486FB /* Extensions.swift */,
			);
			path = Extensions;
			sourceTree = "<group>";
		};
		F722D18528773936000486FB /* MilkTableViewCell */ = {
			isa = PBXGroup;
			children = (
				F722D1812877392F000486FB /* MilkTableViewCell.swift */,
				F722D1822877392F000486FB /* MilkTableViewCell.xib */,
				F722D18B28773AF0000486FB /* MilkItemsTableViewCell */,
			);
			path = MilkTableViewCell;
			sourceTree = "<group>";
		};
		F722D18628773940000486FB /* CustomTableViewCell */ = {
			isa = PBXGroup;
			children = (
				F722D17A2877264E000486FB /* CoffeeTableViewCell */,
				F722D18528773936000486FB /* MilkTableViewCell */,
			);
			path = CustomTableViewCell;
			sourceTree = "<group>";
		};
		F722D18B28773AF0000486FB /* MilkItemsTableViewCell */ = {
			isa = PBXGroup;
			children = (
				F722D18728773AEA000486FB /* MilkItemsTableViewCell.swift */,
				F722D18828773AEA000486FB /* MilkItemsTableViewCell.xib */,
			);
			path = MilkItemsTableViewCell;
			sourceTree = "<group>";
		};
		F722D18E28773C2F000486FB /* RequestManager */ = {
			isa = PBXGroup;
			children = (
				F722D18C28773C1E000486FB /* APIManager.swift */,
				F722D19E28774781000486FB /* MockData.swift */,
			);
			path = RequestManager;
			sourceTree = "<group>";
		};
		F722D1992877439A000486FB /* Global */ = {
			isa = PBXGroup;
			children = (
				F722D19728774391000486FB /* GlobalVariables.swift */,
			);
			path = Global;
			sourceTree = "<group>";
		};
		F722D1A228774C79000486FB /* Helpers */ = {
			isa = PBXGroup;
			children = (
				F722D1A028774C75000486FB /* AlertManager.swift */,
			);
			path = Helpers;
			sourceTree = "<group>";
		};
/* End PBXGroup section */

/* Begin PBXNativeTarget section */
		F722D15928771DDF000486FB /* CafeRubika */ = {
			isa = PBXNativeTarget;
			buildConfigurationList = F722D16E28771DE2000486FB /* Build configuration list for PBXNativeTarget "CafeRubika" */;
			buildPhases = (
				F722D15628771DDF000486FB /* Sources */,
				F722D15728771DDF000486FB /* Frameworks */,
				F722D15828771DDF000486FB /* Resources */,
			);
			buildRules = (
			);
			dependencies = (
			);
			name = CafeRubika;
			packageProductDependencies = (
			);
			productName = CafeRubika;
			productReference = F722D15A28771DDF000486FB /* CafeRubika.app */;
			productType = "com.apple.product-type.application";
		};
/* End PBXNativeTarget section */

/* Begin PBXProject section */
		F722D15228771DDF000486FB /* Project object */ = {
			isa = PBXProject;
			attributes = {
				BuildIndependentTargetsInParallel = 1;
				LastSwiftUpdateCheck = 1340;
				LastUpgradeCheck = 1340;
				TargetAttributes = {
					F722D15928771DDF000486FB = {
						CreatedOnToolsVersion = 13.4.1;
					};
				};
			};
			buildConfigurationList = F722D15528771DDF000486FB /* Build configuration list for PBXProject "CafeRubika" */;
			compatibilityVersion = "Xcode 13.0";
			developmentRegion = en;
			hasScannedForEncodings = 0;
			knownRegions = (
				en,
				Base,
			);
			mainGroup = F722D15128771DDF000486FB;
			packageReferences = (
			);
			productRefGroup = F722D15B28771DDF000486FB /* Products */;
			projectDirPath = "";
			projectRoot = "";
			targets = (
				F722D15928771DDF000486FB /* CafeRubika */,
			);
		};
/* End PBXProject section */

/* Begin PBXResourcesBuildPhase section */
		F722D15828771DDF000486FB /* Resources */ = {
			isa = PBXResourcesBuildPhase;
			buildActionMask = 2147483647;
			files = (
				F722D1842877392F000486FB /* MilkTableViewCell.xib in Resources */,
				F722D16A28771DE2000486FB /* LaunchScreen.storyboard in Resources */,
				F722D18A28773AEA000486FB /* MilkItemsTableViewCell.xib in Resources */,
				F722D16728771DE2000486FB /* Assets.xcassets in Resources */,
				F722D16528771DDF000486FB /* Main.storyboard in Resources */,
				F722D17928772642000486FB /* CoffeeTableViewCell.xib in Resources */,
				F722D18028772C0D000486FB /* mockAPI.json in Resources */,
			);
			runOnlyForDeploymentPostprocessing = 0;
		};
/* End PBXResourcesBuildPhase section */

/* Begin PBXSourcesBuildPhase section */
		F722D15628771DDF000486FB /* Sources */ = {
			isa = PBXSourcesBuildPhase;
			buildActionMask = 2147483647;
			files = (
				F722D18D28773C1E000486FB /* APIManager.swift in Sources */,
				F722D19F28774782000486FB /* MockData.swift in Sources */,
				F722D16228771DDF000486FB /* ScanViewController.swift in Sources */,
				F722D15E28771DDF000486FB /* AppDelegate.swift in Sources */,
				F722D1832877392F000486FB /* MilkTableViewCell.swift in Sources */,
				F722D1A128774C75000486FB /* AlertManager.swift in Sources */,
				F722D16028771DDF000486FB /* SceneDelegate.swift in Sources */,
				F722D17828772642000486FB /* CoffeeTableViewCell.swift in Sources */,
				F722D19828774391000486FB /* GlobalVariables.swift in Sources */,
				F722D18928773AEA000486FB /* MilkItemsTableViewCell.swift in Sources */,
				F722D17228772132000486FB /* Extensions.swift in Sources */,
				F722D17528772485000486FB /* SelectCoffeeViewController.swift in Sources */,
				F722D17C28772B1A000486FB /* Cafe.swift in Sources */,
			);
			runOnlyForDeploymentPostprocessing = 0;
		};
/* End PBXSourcesBuildPhase section */

/* Begin PBXVariantGroup section */
		F722D16328771DDF000486FB /* Main.storyboard */ = {
			isa = PBXVariantGroup;
			children = (
				F722D16428771DDF000486FB /* Base */,
			);
			name = Main.storyboard;
			sourceTree = "<group>";
		};
		F722D16828771DE2000486FB /* LaunchScreen.storyboard */ = {
			isa = PBXVariantGroup;
			children = (
				F722D16928771DE2000486FB /* Base */,
			);
			name = LaunchScreen.storyboard;
			sourceTree = "<group>";
		};
/* End PBXVariantGroup section */

/* Begin XCBuildConfiguration section */
		F722D16C28771DE2000486FB /* Debug */ = {
			isa = XCBuildConfiguration;
			buildSettings = {
				ALWAYS_SEARCH_USER_PATHS = NO;
				CLANG_ANALYZER_NONNULL = YES;
				CLANG_ANALYZER_NUMBER_OBJECT_CONVERSION = YES_AGGRESSIVE;
				CLANG_CXX_LANGUAGE_STANDARD = "gnu++17";
				CLANG_ENABLE_MODULES = YES;
				CLANG_ENABLE_OBJC_ARC = YES;
				CLANG_ENABLE_OBJC_WEAK = YES;
				CLANG_WARN_BLOCK_CAPTURE_AUTORELEASING = YES;
				CLANG_WARN_BOOL_CONVERSION = YES;
				CLANG_WARN_COMMA = YES;
				CLANG_WARN_CONSTANT_CONVERSION = YES;
				CLANG_WARN_DEPRECATED_OBJC_IMPLEMENTATIONS = YES;
				CLANG_WARN_DIRECT_OBJC_ISA_USAGE = YES_ERROR;
				CLANG_WARN_DOCUMENTATION_COMMENTS = YES;
				CLANG_WARN_EMPTY_BODY = YES;
				CLANG_WARN_ENUM_CONVERSION = YES;
				CLANG_WARN_INFINITE_RECURSION = YES;
				CLANG_WARN_INT_CONVERSION = YES;
				CLANG_WARN_NON_LITERAL_NULL_CONVERSION = YES;
				CLANG_WARN_OBJC_IMPLICIT_RETAIN_SELF = YES;
				CLANG_WARN_OBJC_LITERAL_CONVERSION = YES;
				CLANG_WARN_OBJC_ROOT_CLASS = YES_ERROR;
				CLANG_WARN_QUOTED_INCLUDE_IN_FRAMEWORK_HEADER = YES;
				CLANG_WARN_RANGE_LOOP_ANALYSIS = YES;
				CLANG_WARN_STRICT_PROTOTYPES = YES;
				CLANG_WARN_SUSPICIOUS_MOVE = YES;
				CLANG_WARN_UNGUARDED_AVAILABILITY = YES_AGGRESSIVE;
				CLANG_WARN_UNREACHABLE_CODE = YES;
				CLANG_WARN__DUPLICATE_METHOD_MATCH = YES;
				COPY_PHASE_STRIP = NO;
				DEBUG_INFORMATION_FORMAT = dwarf;
				ENABLE_STRICT_OBJC_MSGSEND = YES;
				ENABLE_TESTABILITY = YES;
				GCC_C_LANGUAGE_STANDARD = gnu11;
				GCC_DYNAMIC_NO_PIC = NO;
				GCC_NO_COMMON_BLOCKS = YES;
				GCC_OPTIMIZATION_LEVEL = 0;
				GCC_PREPROCESSOR_DEFINITIONS = (
					"DEBUG=1",
					"$(inherited)",
				);
				GCC_WARN_64_TO_32_BIT_CONVERSION = YES;
				GCC_WARN_ABOUT_RETURN_TYPE = YES_ERROR;
				GCC_WARN_UNDECLARED_SELECTOR = YES;
				GCC_WARN_UNINITIALIZED_AUTOS = YES_AGGRESSIVE;
				GCC_WARN_UNUSED_FUNCTION = YES;
				GCC_WARN_UNUSED_VARIABLE = YES;
				IPHONEOS_DEPLOYMENT_TARGET = 15.5;
				MTL_ENABLE_DEBUG_INFO = INCLUDE_SOURCE;
				MTL_FAST_MATH = YES;
				ONLY_ACTIVE_ARCH = YES;
				SDKROOT = iphoneos;
				SWIFT_ACTIVE_COMPILATION_CONDITIONS = DEBUG;
				SWIFT_OPTIMIZATION_LEVEL = "-Onone";
			};
			name = Debug;
		};
		F722D16D28771DE2000486FB /* Release */ = {
			isa = XCBuildConfiguration;
			buildSettings = {
				ALWAYS_SEARCH_USER_PATHS = NO;
				CLANG_ANALYZER_NONNULL = YES;
				CLANG_ANALYZER_NUMBER_OBJECT_CONVERSION = YES_AGGRESSIVE;
				CLANG_CXX_LANGUAGE_STANDARD = "gnu++17";
				CLANG_ENABLE_MODULES = YES;
				CLANG_ENABLE_OBJC_ARC = YES;
				CLANG_ENABLE_OBJC_WEAK = YES;
				CLANG_WARN_BLOCK_CAPTURE_AUTORELEASING = YES;
				CLANG_WARN_BOOL_CONVERSION = YES;
				CLANG_WARN_COMMA = YES;
				CLANG_WARN_CONSTANT_CONVERSION = YES;
				CLANG_WARN_DEPRECATED_OBJC_IMPLEMENTATIONS = YES;
				CLANG_WARN_DIRECT_OBJC_ISA_USAGE = YES_ERROR;
				CLANG_WARN_DOCUMENTATION_COMMENTS = YES;
				CLANG_WARN_EMPTY_BODY = YES;
				CLANG_WARN_ENUM_CONVERSION = YES;
				CLANG_WARN_INFINITE_RECURSION = YES;
				CLANG_WARN_INT_CONVERSION = YES;
				CLANG_WARN_NON_LITERAL_NULL_CONVERSION = YES;
				CLANG_WARN_OBJC_IMPLICIT_RETAIN_SELF = YES;
				CLANG_WARN_OBJC_LITERAL_CONVERSION = YES;
				CLANG_WARN_OBJC_ROOT_CLASS = YES_ERROR;
				CLANG_WARN_QUOTED_INCLUDE_IN_FRAMEWORK_HEADER = YES;
				CLANG_WARN_RANGE_LOOP_ANALYSIS = YES;
				CLANG_WARN_STRICT_PROTOTYPES = YES;
				CLANG_WARN_SUSPICIOUS_MOVE = YES;
				CLANG_WARN_UNGUARDED_AVAILABILITY = YES_AGGRESSIVE;
				CLANG_WARN_UNREACHABLE_CODE = YES;
				CLANG_WARN__DUPLICATE_METHOD_MATCH = YES;
				COPY_PHASE_STRIP = NO;
				DEBUG_INFORMATION_FORMAT = "dwarf-with-dsym";
				ENABLE_NS_ASSERTIONS = NO;
				ENABLE_STRICT_OBJC_MSGSEND = YES;
				GCC_C_LANGUAGE_STANDARD = gnu11;
				GCC_NO_COMMON_BLOCKS = YES;
				GCC_WARN_64_TO_32_BIT_CONVERSION = YES;
				GCC_WARN_ABOUT_RETURN_TYPE = YES_ERROR;
				GCC_WARN_UNDECLARED_SELECTOR = YES;
				GCC_WARN_UNINITIALIZED_AUTOS = YES_AGGRESSIVE;
				GCC_WARN_UNUSED_FUNCTION = YES;
				GCC_WARN_UNUSED_VARIABLE = YES;
				IPHONEOS_DEPLOYMENT_TARGET = 15.5;
				MTL_ENABLE_DEBUG_INFO = NO;
				MTL_FAST_MATH = YES;
				SDKROOT = iphoneos;
				SWIFT_COMPILATION_MODE = wholemodule;
				SWIFT_OPTIMIZATION_LEVEL = "-O";
				VALIDATE_PRODUCT = YES;
			};
			name = Release;
		};
		F722D16F28771DE2000486FB /* Debug */ = {
			isa = XCBuildConfiguration;
			buildSettings = {
				ASSETCATALOG_COMPILER_APPICON_NAME = AppIcon;
				ASSETCATALOG_COMPILER_GLOBAL_ACCENT_COLOR_NAME = AccentColor;
				CODE_SIGN_STYLE = Automatic;
				CURRENT_PROJECT_VERSION = 1;
				DEVELOPMENT_TEAM = 8U9S422V4H;
				GENERATE_INFOPLIST_FILE = YES;
				INFOPLIST_FILE = CafeRubika/Info.plist;
				INFOPLIST_KEY_UIApplicationSupportsIndirectInputEvents = YES;
				INFOPLIST_KEY_UILaunchStoryboardName = LaunchScreen;
				INFOPLIST_KEY_UIMainStoryboardFile = Main;
				INFOPLIST_KEY_UISupportedInterfaceOrientations_iPad = "UIInterfaceOrientationPortrait UIInterfaceOrientationPortraitUpsideDown UIInterfaceOrientationLandscapeLeft UIInterfaceOrientationLandscapeRight";
				INFOPLIST_KEY_UISupportedInterfaceOrientations_iPhone = "UIInterfaceOrientationPortrait UIInterfaceOrientationLandscapeLeft UIInterfaceOrientationLandscapeRight";
				IPHONEOS_DEPLOYMENT_TARGET = 13.0;
				LD_RUNPATH_SEARCH_PATHS = (
					"$(inherited)",
					"@executable_path/Frameworks",
				);
				MARKETING_VERSION = 1.0;
				PRODUCT_BUNDLE_IDENTIFIER = rezakashkoul.CafeRubika;
				PRODUCT_NAME = "$(TARGET_NAME)";
				SWIFT_EMIT_LOC_STRINGS = YES;
				SWIFT_VERSION = 5.0;
				TARGETED_DEVICE_FAMILY = 1;
			};
			name = Debug;
		};
		F722D17028771DE2000486FB /* Release */ = {
			isa = XCBuildConfiguration;
			buildSettings = {
				ASSETCATALOG_COMPILER_APPICON_NAME = AppIcon;
				ASSETCATALOG_COMPILER_GLOBAL_ACCENT_COLOR_NAME = AccentColor;
				CODE_SIGN_STYLE = Automatic;
				CURRENT_PROJECT_VERSION = 1;
				DEVELOPMENT_TEAM = 8U9S422V4H;
				GENERATE_INFOPLIST_FILE = YES;
				INFOPLIST_FILE = CafeRubika/Info.plist;
				INFOPLIST_KEY_UIApplicationSupportsIndirectInputEvents = YES;
				INFOPLIST_KEY_UILaunchStoryboardName = LaunchScreen;
				INFOPLIST_KEY_UIMainStoryboardFile = Main;
				INFOPLIST_KEY_UISupportedInterfaceOrientations_iPad = "UIInterfaceOrientationPortrait UIInterfaceOrientationPortraitUpsideDown UIInterfaceOrientationLandscapeLeft UIInterfaceOrientationLandscapeRight";
				INFOPLIST_KEY_UISupportedInterfaceOrientations_iPhone = "UIInterfaceOrientationPortrait UIInterfaceOrientationLandscapeLeft UIInterfaceOrientationLandscapeRight";
				IPHONEOS_DEPLOYMENT_TARGET = 13.0;
				LD_RUNPATH_SEARCH_PATHS = (
					"$(inherited)",
					"@executable_path/Frameworks",
				);
				MARKETING_VERSION = 1.0;
				PRODUCT_BUNDLE_IDENTIFIER = rezakashkoul.CafeRubika;
				PRODUCT_NAME = "$(TARGET_NAME)";
				SWIFT_EMIT_LOC_STRINGS = YES;
				SWIFT_VERSION = 5.0;
				TARGETED_DEVICE_FAMILY = 1;
			};
			name = Release;
		};
/* End XCBuildConfiguration section */

/* Begin XCConfigurationList section */
		F722D15528771DDF000486FB /* Build configuration list for PBXProject "CafeRubika" */ = {
			isa = XCConfigurationList;
			buildConfigurations = (
				F722D16C28771DE2000486FB /* Debug */,
				F722D16D28771DE2000486FB /* Release */,
			);
			defaultConfigurationIsVisible = 0;
			defaultConfigurationName = Release;
		};
		F722D16E28771DE2000486FB /* Build configuration list for PBXNativeTarget "CafeRubika" */ = {
			isa = XCConfigurationList;
			buildConfigurations = (
				F722D16F28771DE2000486FB /* Debug */,
				F722D17028771DE2000486FB /* Release */,
			);
			defaultConfigurationIsVisible = 0;
			defaultConfigurationName = Release;
		};
/* End XCConfigurationList section */
	};
	rootObject = F722D15228771DDF000486FB /* Project object */;
}
